
Microsoft Visual Studio Solution File, Format Version 12.00
# Visual Studio 2013
Project("{FAE04EC0-301F-11D3-BF4B-00C04F79EFBC}") = "MeshMask.CSharp", "MeshMask.CSharp.csproj", "{3F95B3B4-6058-DB1F-B969-EBC336822E55}"
EndProject
Project("{FAE04EC0-301F-11D3-BF4B-00C04F79EFBC}") = "MeshMask.CSharp.Editor", "MeshMask.CSharp.Editor.csproj", "{2EA5C225-C926-59CF-0C01-F4B594BEF7FA}"
EndProject
Global
	GlobalSection(SolutionConfigurationPlatforms) = preSolution
		Debug|Any CPU = Debug|Any CPU
		Release|Any CPU = Release|Any CPU
	EndGlobalSection
	GlobalSection(ProjectConfigurationPlatforms) = postSolution
		{3F95B3B4-6058-DB1F-B969-EBC336822E55}.Debug|Any CPU.ActiveCfg = Debug|Any CPU
		{3F95B3B4-6058-DB1F-B969-EBC336822E55}.Debug|Any CPU.Build.0 = Debug|Any CPU
		{3F95B3B4-6058-DB1F-B969-EBC336822E55}.Release|Any CPU.ActiveCfg = Release|Any CPU
		{3F95B3B4-6058-DB1F-B969-EBC336822E55}.Release|Any CPU.Build.0 = Release|Any CPU
		{2EA5C225-C926-59CF-0C01-F4B594BEF7FA}.Debug|Any CPU.ActiveCfg = Debug|Any CPU
		{2EA5C225-C926-59CF-0C01-F4B594BEF7FA}.Debug|Any CPU.Build.0 = Debug|Any CPU
		{2EA5C225-C926-59CF-0C01-F4B594BEF7FA}.Release|Any CPU.ActiveCfg = Release|Any CPU
		{2EA5C225-C926-59CF-0C01-F4B594BEF7FA}.Release|Any CPU.Build.0 = Release|Any CPU
	EndGlobalSection
	GlobalSection(SolutionProperties) = preSolution
		HideSolutionNode = FALSE
	EndGlobalSection
EndGlobal
